
Microsoft Visual Studio Solution File, Format Version 12.00
# Visual Studio Version 16
VisualStudioVersion = 16.0.31613.86
MinimumVisualStudioVersion = 10.0.40219.1
Project("{FAE04EC0-301F-11D3-BF4B-00C04F79EFBC}") = "FirstMVCApplication", "FirstMVCApplication\FirstMVCApplication.csproj", "{BCD016C4-785E-4A67-B4AA-D2757465DFF3}"
EndProject
Global
	GlobalSection(SolutionConfigurationPlatforms) = preSolution
		Debug|Any CPU = Debug|Any CPU
		Release|Any CPU = Release|Any CPU
	EndGlobalSection
	GlobalSection(ProjectConfigurationPlatforms) = postSolution
		{BCD016C4-785E-4A67-B4AA-D2757465DFF3}.Debug|Any CPU.ActiveCfg = Debug|Any CPU
		{BCD016C4-785E-4A67-B4AA-D2757465DFF3}.Debug|Any CPU.Build.0 = Debug|Any CPU
		{BCD016C4-785E-4A67-B4AA-D2757465DFF3}.Release|Any CPU.ActiveCfg = Release|Any CPU
		{BCD016C4-785E-4A67-B4AA-D2757465DFF3}.Release|Any CPU.Build.0 = Release|Any CPU
	EndGlobalSection
	GlobalSection(SolutionProperties) = preSolution
		HideSolutionNode = FALSE
	EndGlobalSection
	GlobalSection(ExtensibilityGlobals) = postSolution
		SolutionGuid = {A3C8ECF7-8191-4A1F-975F-E42FE04107EE}
	EndGlobalSection
EndGlobal
